
Microsoft Visual Studio Solution File, Format Version 12.00
# Visual Studio Version 16
VisualStudioVersion = 16.0.31129.286
MinimumVisualStudioVersion = 10.0.40219.1
Project("{FAE04EC0-301F-11D3-BF4B-00C04F79EFBC}") = "WPFNames", "WPFNames.csproj", "{FBC7D1C8-2720-49F1-B520-7510BBD2C5D0}"
EndProject
Global
	GlobalSection(SolutionConfigurationPlatforms) = preSolution
		Debug|Any CPU = Debug|Any CPU
		Release|Any CPU = Release|Any CPU
	EndGlobalSection
	GlobalSection(ProjectConfigurationPlatforms) = postSolution
		{FBC7D1C8-2720-49F1-B520-7510BBD2C5D0}.Debug|Any CPU.ActiveCfg = Debug|Any CPU
		{FBC7D1C8-2720-49F1-B520-7510BBD2C5D0}.Debug|Any CPU.Build.0 = Debug|Any CPU
		{FBC7D1C8-2720-49F1-B520-7510BBD2C5D0}.Release|Any CPU.ActiveCfg = Release|Any CPU
		{FBC7D1C8-2720-49F1-B520-7510BBD2C5D0}.Release|Any CPU.Build.0 = Release|Any CPU
	EndGlobalSection
	GlobalSection(SolutionProperties) = preSolution
		HideSolutionNode = FALSE
	EndGlobalSection
	GlobalSection(ExtensibilityGlobals) = postSolution
		SolutionGuid = {B61D9B5F-6CD0-479A-B3C4-E76E467B79DE}
	EndGlobalSection
EndGlobal
